
Microsoft Visual Studio Solution File, Format Version 12.00
# Visual Studio Version 16
VisualStudioVersion = 16.0.29613.14
MinimumVisualStudioVersion = 10.0.40219.1
Project("{FAE04EC0-301F-11D3-BF4B-00C04F79EFBC}") = "ConsoleApp-core", "ConsoleApp-core\ConsoleApp-core.csproj", "{83117266-32AF-4358-BAA5-F906E90E06F9}"
EndProject
Global
	GlobalSection(SolutionConfigurationPlatforms) = preSolution
		Debug|Any CPU = Debug|Any CPU
		Release|Any CPU = Release|Any CPU
	EndGlobalSection
	GlobalSection(ProjectConfigurationPlatforms) = postSolution
		{83117266-32AF-4358-BAA5-F906E90E06F9}.Debug|Any CPU.ActiveCfg = Debug|Any CPU
		{83117266-32AF-4358-BAA5-F906E90E06F9}.Debug|Any CPU.Build.0 = Debug|Any CPU
		{83117266-32AF-4358-BAA5-F906E90E06F9}.Release|Any CPU.ActiveCfg = Release|Any CPU
		{83117266-32AF-4358-BAA5-F906E90E06F9}.Release|Any CPU.Build.0 = Release|Any CPU
	EndGlobalSection
	GlobalSection(SolutionProperties) = preSolution
		HideSolutionNode = FALSE
	EndGlobalSection
	GlobalSection(ExtensibilityGlobals) = postSolution
		SolutionGuid = {1DD36B52-3331-418A-B495-86D1A2F166E3}
	EndGlobalSection
EndGlobal
